PODS:
  - Alamofire (4.9.1)
  - SwiftyJSON (5.0.0)
  - UIFloatLabelTextView (1.0.10)

DEPENDENCIES:
  - Alamofire
  - SwiftyJSON
  - UIFloatLabelTextView

SPEC REPOS:
  trunk:
    - Alamofire
    - SwiftyJSON
    - UIFloatLabelTextView

SPEC CHECKSUMS:
  Alamofire: 85e8a02c69d6020a0d734f6054870d7ecb75cf18
  SwiftyJSON: 36413e04c44ee145039d332b4f4e2d3e8d6c4db7
  UIFloatLabelTextView: 96b7c5a18739fd1af8fd9480f7943d75a7547e4d

PODFILE CHECKSUM: 446686fe344325e810a208ac1d1a39e4884d3099

COCOAPODS: 1.8.4
